
Microsoft Visual Studio Solution File, Format Version 12.00
# Visual Studio 15
VisualStudioVersion = 15.0.27004.2006
MinimumVisualStudioVersion = 10.0.40219.1
Project("{FAE04EC0-301F-11D3-BF4B-00C04F79EFBC}") = "DX9OverlayAPIWrapper", "DX9OverlayWrapper\DX9OverlayAPIWrapper.csproj", "{AC439097-82E5-46CF-A0F7-C787D57F2225}"
EndProject
Project("{FAE04EC0-301F-11D3-BF4B-00C04F79EFBC}") = "Dx9OverlaySample", "Dx9OverlaySample\Dx9OverlaySample.csproj", "{C0C52754-CA61-429D-BFBF-EB0A7FD40853}"
EndProject
Global
	GlobalSection(SolutionConfigurationPlatforms) = preSolution
		Debug|Any CPU = Debug|Any CPU
		Release|Any CPU = Release|Any CPU
	EndGlobalSection
	GlobalSection(ProjectConfigurationPlatforms) = postSolution
		{AC439097-82E5-46CF-A0F7-C787D57F2225}.Debug|Any CPU.ActiveCfg = Debug|Any CPU
		{AC439097-82E5-46CF-A0F7-C787D57F2225}.Debug|Any CPU.Build.0 = Debug|Any CPU
		{AC439097-82E5-46CF-A0F7-C787D57F2225}.Release|Any CPU.ActiveCfg = Release|Any CPU
		{AC439097-82E5-46CF-A0F7-C787D57F2225}.Release|Any CPU.Build.0 = Release|Any CPU
		{C0C52754-CA61-429D-BFBF-EB0A7FD40853}.Debug|Any CPU.ActiveCfg = Debug|Any CPU
		{C0C52754-CA61-429D-BFBF-EB0A7FD40853}.Debug|Any CPU.Build.0 = Debug|Any CPU
		{C0C52754-CA61-429D-BFBF-EB0A7FD40853}.Release|Any CPU.ActiveCfg = Release|Any CPU
		{C0C52754-CA61-429D-BFBF-EB0A7FD40853}.Release|Any CPU.Build.0 = Release|Any CPU
	EndGlobalSection
	GlobalSection(SolutionProperties) = preSolution
		HideSolutionNode = FALSE
	EndGlobalSection
	GlobalSection(ExtensibilityGlobals) = postSolution
		SolutionGuid = {E404CD68-1B1B-4D73-A557-1F53E02DB8AC}
	EndGlobalSection
EndGlobal
